
Microsoft Visual Studio Solution File, Format Version 12.00
# Visual Studio 15
VisualStudioVersion = 15.0.28307.1267
MinimumVisualStudioVersion = 10.0.40219.1
Project("{8BC9CEB8-8B4A-11D0-8D11-00A0C91BC942}") = "Library", "..\..\..\Downloads\ex4_316352871 (2)\ex4_316352871\ex4_316352871\ex4_316352871.vcxproj", "{743577E8-763D-4580-B76E-7398AAA5EC97}"
EndProject
Global
	GlobalSection(SolutionConfigurationPlatforms) = preSolution
		Debug|x64 = Debug|x64
		Debug|x86 = Debug|x86
		Release|x64 = Release|x64
		Release|x86 = Release|x86
	EndGlobalSection
	GlobalSection(ProjectConfigurationPlatforms) = postSolution
		{743577E8-763D-4580-B76E-7398AAA5EC97}.Debug|x64.ActiveCfg = Debug|x64
		{743577E8-763D-4580-B76E-7398AAA5EC97}.Debug|x64.Build.0 = Debug|x64
		{743577E8-763D-4580-B76E-7398AAA5EC97}.Debug|x86.ActiveCfg = Debug|Win32
		{743577E8-763D-4580-B76E-7398AAA5EC97}.Debug|x86.Build.0 = Debug|Win32
		{743577E8-763D-4580-B76E-7398AAA5EC97}.Release|x64.ActiveCfg = Release|x64
		{743577E8-763D-4580-B76E-7398AAA5EC97}.Release|x64.Build.0 = Release|x64
		{743577E8-763D-4580-B76E-7398AAA5EC97}.Release|x86.ActiveCfg = Release|Win32
		{743577E8-763D-4580-B76E-7398AAA5EC97}.Release|x86.Build.0 = Release|Win32
	EndGlobalSection
	GlobalSection(SolutionProperties) = preSolution
		HideSolutionNode = FALSE
	EndGlobalSection
	GlobalSection(ExtensibilityGlobals) = postSolution
		SolutionGuid = {8ED9C04B-8394-4E25-80D5-A76EE2F4C475}
	EndGlobalSection
EndGlobal
